{
  "name": "lite-ts-rpc",
  "version": "3.10.0",
  "lockfileVersion": 3,
  "requires": true,
  "packages": {
    "": {
      "name": "lite-ts-rpc",
      "version": "3.10.0",
      "license": "GPL-3.0",
      "dependencies": {
        "lite-ts-enum": "^2.9.1",
        "lite-ts-error": "^1.1.0",
        "lite-ts-jaeger-client": "^1.9.0"
      },
      "devDependencies": {
        "@types/jaeger-client": "^3.18.4",
        "@types/mocha": "^10.0.1",
        "@types/node": "^18.11.18",
        "lite-ts-fs": "^1.4.1",
        "lite-ts-mock": "^1.1.0",
        "ts-node": "^10.9.1",
        "typescript": "^4.9.4"
      }
    },
    "node_modules/@cspotcode/source-map-support": {
      "version": "0.8.1",
      "resolved": "https://registry.npmmirror.com/@cspotcode/source-map-support/-/source-map-support-0.8.1.tgz",
      "integrity": "sha512-IchNf6dN4tHoMFIn/7OE8LWZ19Y6q/67Bmf6vnGREv8RSbBVb9LPJxEcnwrcwX6ixSvaiGoomAUvu4YSxXrVgw==",
      "dev": true,
      "dependencies": {
        "@jridgewell/trace-mapping": "0.3.9"
      },
      "engines": {
        "node": ">=12"
      }
    },
    "node_modules/@jridgewell/resolve-uri": {
      "version": "3.1.0",
      "resolved": "https://registry.npmmirror.com/@jridgewell/resolve-uri/-/resolve-uri-3.1.0.tgz",
      "integrity": "sha512-F2msla3tad+Mfht5cJq7LSXcdudKTWCVYUgw6pLFOOHSTtZlj6SWNYAp+AhuqLmWdBO2X5hPrLcu8cVP8fy28w==",
      "dev": true,
      "engines": {
        "node": ">=6.0.0"
      }
    },
    "node_modules/@jridgewell/sourcemap-codec": {
      "version": "1.4.14",
      "resolved": "https://registry.npmmirror.com/@jridgewell/sourcemap-codec/-/sourcemap-codec-1.4.14.tgz",
      "integrity": "sha512-XPSJHWmi394fuUuzDnGz1wiKqWfo1yXecHQMRf2l6hztTO+nPru658AyDngaBe7isIxEkRsPR3FZh+s7iVa4Uw==",
      "dev": true
    },
    "node_modules/@jridgewell/trace-mapping": {
      "version": "0.3.9",
      "resolved": "https://registry.npmmirror.com/@jridgewell/trace-mapping/-/trace-mapping-0.3.9.tgz",
      "integrity": "sha512-3Belt6tdc8bPgAtbcmdtNJlirVoTmEb5e2gC94PnkwEW9jI6CAHUeoG85tjWP5WquqfavoMtMwiG4P926ZKKuQ==",
      "dev": true,
      "dependencies": {
        "@jridgewell/resolve-uri": "^3.0.3",
        "@jridgewell/sourcemap-codec": "^1.4.10"
      }
    },
    "node_modules/@tsconfig/node10": {
      "version": "1.0.9",
      "resolved": "https://registry.npmmirror.com/@tsconfig/node10/-/node10-1.0.9.tgz",
      "integrity": "sha512-jNsYVVxU8v5g43Erja32laIDHXeoNvFEpX33OK4d6hljo3jDhCBDhx5dhCCTMWUojscpAagGiRkBKxpdl9fxqA==",
      "dev": true
    },
    "node_modules/@tsconfig/node12": {
      "version": "1.0.11",
      "resolved": "https://registry.npmmirror.com/@tsconfig/node12/-/node12-1.0.11.tgz",
      "integrity": "sha512-cqefuRsh12pWyGsIoBKJA9luFu3mRxCA+ORZvA4ktLSzIuCUtWVxGIuXigEwO5/ywWFMZ2QEGKWvkZG1zDMTag==",
      "dev": true
    },
    "node_modules/@tsconfig/node14": {
      "version": "1.0.3",
      "resolved": "https://registry.npmmirror.com/@tsconfig/node14/-/node14-1.0.3.tgz",
      "integrity": "sha512-ysT8mhdixWK6Hw3i1V2AeRqZ5WfXg1G43mqoYlM2nc6388Fq5jcXyr5mRsqViLx/GJYdoL0bfXD8nmF+Zn/Iow==",
      "dev": true
    },
    "node_modules/@tsconfig/node16": {
      "version": "1.0.3",
      "resolved": "https://registry.npmmirror.com/@tsconfig/node16/-/node16-1.0.3.tgz",
      "integrity": "sha512-yOlFc+7UtL/89t2ZhjPvvB/DeAr3r+Dq58IgzsFkOAvVC6NMJXmCGjbptdXdR9qsX7pKcTL+s87FtYREi2dEEQ==",
      "dev": true
    },
    "node_modules/@types/jaeger-client": {
      "version": "3.18.4",
      "resolved": "https://registry.npmmirror.com/@types/jaeger-client/-/jaeger-client-3.18.4.tgz",
      "integrity": "sha512-kx+E0mbGdn73ocZhN7fmonmZd2+UJNTo34LBhlB5h36q3QzdIdQPFjOv1mm24quQQP6jQDoD5xRfwzLp1utrrA==",
      "dev": true,
      "dependencies": {
        "@types/node": "*",
        "opentracing": "~0.14.3",
        "prom-client": "~11.3.0 || ^12.0.0 || ^13.0.0 || ^14.0.0"
      }
    },
    "node_modules/@types/mocha": {
      "version": "10.0.1",
      "resolved": "https://registry.npmmirror.com/@types/mocha/-/mocha-10.0.1.tgz",
      "integrity": "sha512-/fvYntiO1GeICvqbQ3doGDIP97vWmvFt83GKguJ6prmQM2iXZfFcq6YE8KteFyRtX2/h5Hf91BYvPodJKFYv5Q==",
      "dev": true
    },
    "node_modules/@types/node": {
      "version": "18.14.6",
      "resolved": "https://registry.npmmirror.com/@types/node/-/node-18.14.6.tgz",
      "integrity": "sha512-93+VvleD3mXwlLI/xASjw0FzKcwzl3OdTCzm1LaRfqgS21gfFtK3zDXM5Op9TeeMsJVOaJ2VRDpT9q4Y3d0AvA==",
      "dev": true
    },
    "node_modules/acorn": {
      "version": "8.8.2",
      "resolved": "https://registry.npmmirror.com/acorn/-/acorn-8.8.2.tgz",
      "integrity": "sha512-xjIYgE8HBrkpd/sJqOGNspf8uHG+NOHGOw6a/Urj8taM2EXfdNAH2oFcPeIFfsv3+kz/mJrS5VuMqbNLjCa2vw==",
      "dev": true,
      "bin": {
        "acorn": "bin/acorn"
      },
      "engines": {
        "node": ">=0.4.0"
      }
    },
    "node_modules/acorn-walk": {
      "version": "8.2.0",
      "resolved": "https://registry.npmmirror.com/acorn-walk/-/acorn-walk-8.2.0.tgz",
      "integrity": "sha512-k+iyHEuPgSw6SbuDpGQM+06HQUa04DZ3o+F6CSzXMvvI5KMvnaEqXe+YVe555R9nn6GPt404fos4wcgpw12SDA==",
      "dev": true,
      "engines": {
        "node": ">=0.4.0"
      }
    },
    "node_modules/ansi-color": {
      "version": "0.2.1",
      "resolved": "https://registry.npmmirror.com/ansi-color/-/ansi-color-0.2.1.tgz",
      "integrity": "sha512-bF6xLaZBLpOQzgYUtYEhJx090nPSZk1BQ/q2oyBK9aMMcJHzx9uXGCjI2Y+LebsN4Jwoykr0V9whbPiogdyHoQ==",
      "engines": {
        "node": "*"
      }
    },
    "node_modules/arg": {
      "version": "4.1.3",
      "resolved": "https://registry.npmmirror.com/arg/-/arg-4.1.3.tgz",
      "integrity": "sha512-58S9QDqG0Xx27YwPSt9fJxivjYl432YCwfDMfZ+71RAqUrZef7LrKQZ3LHLOwCS4FLNBplP533Zx895SeOCHvA==",
      "dev": true
    },
    "node_modules/argparse": {
      "version": "2.0.1",
      "resolved": "https://registry.npmmirror.com/argparse/-/argparse-2.0.1.tgz",
      "integrity": "sha512-8+9WqebbFzpX9OR+Wa6O29asIogeRMzcGtAINdpMHHyAg10f05aSFVBbcEqGf/PXw1EjAZ+q2/bEBg3DvurK3Q==",
      "dev": true
    },
    "node_modules/bintrees": {
      "version": "1.0.2",
      "resolved": "https://registry.npmmirror.com/bintrees/-/bintrees-1.0.2.tgz",
      "integrity": "sha512-VOMgTMwjAaUG580SXn3LacVgjurrbMme7ZZNYGSSV7mmtY6QQRh0Eg3pwIcntQ77DErK1L0NxkbetjcoXzVwKw==",
      "dev": true
    },
    "node_modules/bufrw": {
      "version": "1.3.0",
      "resolved": "https://registry.npmmirror.com/bufrw/-/bufrw-1.3.0.tgz",
      "integrity": "sha512-jzQnSbdJqhIltU9O5KUiTtljP9ccw2u5ix59McQy4pV2xGhVLhRZIndY8GIrgh5HjXa6+QJ9AQhOd2QWQizJFQ==",
      "dependencies": {
        "ansi-color": "^0.2.1",
        "error": "^7.0.0",
        "hexer": "^1.5.0",
        "xtend": "^4.0.0"
      },
      "engines": {
        "node": ">= 0.10.x"
      }
    },
    "node_modules/create-require": {
      "version": "1.1.1",
      "resolved": "https://registry.npmmirror.com/create-require/-/create-require-1.1.1.tgz",
      "integrity": "sha512-dcKFX3jn0MpIaXjisoRvexIJVEKzaq7z2rZKxf+MSr9TkdmHmsU4m2lcLojrj/FHl8mk5VxMmYA+ftRkP/3oKQ==",
      "dev": true
    },
    "node_modules/diff": {
      "version": "4.0.2",
      "resolved": "https://registry.npmmirror.com/diff/-/diff-4.0.2.tgz",
      "integrity": "sha512-58lmxKSA4BNyLz+HHMUzlOEpg09FV+ev6ZMe3vJihgdxzgcwZ8VoEEPmALCZG9LmqfVoNMMKpttIYTVG6uDY7A==",
      "dev": true,
      "engines": {
        "node": ">=0.3.1"
      }
    },
    "node_modules/error": {
      "version": "7.0.2",
      "resolved": "https://registry.npmmirror.com/error/-/error-7.0.2.tgz",
      "integrity": "sha512-UtVv4l5MhijsYUxPJo4390gzfZvAnTHreNnDjnTZaKIiZ/SemXxAhBkYSKtWa5RtBXbLP8tMgn/n0RUa/H7jXw==",
      "dependencies": {
        "string-template": "~0.2.1",
        "xtend": "~4.0.0"
      }
    },
    "node_modules/hexer": {
      "version": "1.5.0",
      "resolved": "https://registry.npmmirror.com/hexer/-/hexer-1.5.0.tgz",
      "integrity": "sha512-dyrPC8KzBzUJ19QTIo1gXNqIISRXQ0NwteW6OeQHRN4ZuZeHkdODfj0zHBdOlHbRY8GqbqK57C9oWSvQZizFsg==",
      "dependencies": {
        "ansi-color": "^0.2.1",
        "minimist": "^1.1.0",
        "process": "^0.10.0",
        "xtend": "^4.0.0"
      },
      "bin": {
        "hexer": "cli.js"
      },
      "engines": {
        "node": ">= 0.10.x"
      }
    },
    "node_modules/jaeger-client": {
      "version": "3.19.0",
      "resolved": "https://registry.npmmirror.com/jaeger-client/-/jaeger-client-3.19.0.tgz",
      "integrity": "sha512-M0c7cKHmdyEUtjemnJyx/y9uX16XHocL46yQvyqDlPdvAcwPDbHrIbKjQdBqtiE4apQ/9dmr+ZLJYYPGnurgpw==",
      "dependencies": {
        "node-int64": "^0.4.0",
        "opentracing": "^0.14.4",
        "thriftrw": "^3.5.0",
        "uuid": "^8.3.2",
        "xorshift": "^1.1.1"
      },
      "engines": {
        "node": ">=10"
      }
    },
    "node_modules/js-yaml": {
      "version": "4.1.0",
      "resolved": "https://registry.npmmirror.com/js-yaml/-/js-yaml-4.1.0.tgz",
      "integrity": "sha512-wpxZs9NoxZaJESJGIZTyDEaYpl0FKSA+FB9aJiyemKhMwkxQg63h4T1KJgUGHpTqPDNRcmmYLugrRjJlBtWvRA==",
      "dev": true,
      "dependencies": {
        "argparse": "^2.0.1"
      },
      "bin": {
        "js-yaml": "bin/js-yaml.js"
      }
    },
    "node_modules/lite-ts-db": {
      "version": "1.10.4",
      "resolved": "https://registry.npmmirror.com/lite-ts-db/-/lite-ts-db-1.10.4.tgz",
      "integrity": "sha512-v3gamwLo2WbVXnYRTxKBct7mM2JEVmGdaL7YBPIF6aqR+uDgk9GjnGMheq6OM4nKLLWgEt4uiNS2dH7po3VdEw=="
    },
    "node_modules/lite-ts-enum": {
      "version": "2.9.1",
      "resolved": "https://registry.npmmirror.com/lite-ts-enum/-/lite-ts-enum-2.9.1.tgz",
      "integrity": "sha512-t66v3ZBdbb9PT48cuX7qIvkgsGGcvgzmMLXBPiKWJWYwdjbNmVQo/Qy0mQjhSzO+5CpXtp5ByBkSyiaLGr4Fvg==",
      "dependencies": {
        "lite-ts-ioc": "^1.2.1"
      }
    },
    "node_modules/lite-ts-error": {
      "version": "1.1.0",
      "resolved": "https://registry.npmmirror.com/lite-ts-error/-/lite-ts-error-1.1.0.tgz",
      "integrity": "sha512-uZKMAb3pxO9mzp2lUMjt7MOZCtSrou1bXz+5n7rg+pmzUjucYzLo4hpTeT5tA6QoSdUbUgSeDx51u6Latc/RiQ=="
    },
    "node_modules/lite-ts-fs": {
      "version": "1.4.1",
      "resolved": "https://registry.npmmirror.com/lite-ts-fs/-/lite-ts-fs-1.4.1.tgz",
      "integrity": "sha512-kPOGVpCbEAdDsh88YoxJSXqpmtJ7eTwaeAEzcmE20aYmUFVOgIyKuJSdUJADo/Tn4TwqiKw2dzYhnkoD+RsZQQ==",
      "dev": true,
      "dependencies": {
        "js-yaml": "^4.1.0"
      }
    },
    "node_modules/lite-ts-ioc": {
      "version": "1.2.1",
      "resolved": "https://registry.npmmirror.com/lite-ts-ioc/-/lite-ts-ioc-1.2.1.tgz",
      "integrity": "sha512-EDGR1Nf2ZKUdROL7SeRzAD4Ar6FqPkUY2Al1iM3uLclB5oMrECHIN4H8dJIK1N3/AGBmLNAYvEqKnwnoDVZL3Q=="
    },
    "node_modules/lite-ts-jaeger-client": {
      "version": "1.9.0",
      "resolved": "https://registry.npmmirror.com/lite-ts-jaeger-client/-/lite-ts-jaeger-client-1.9.0.tgz",
      "integrity": "sha512-BDuu73lNWarYd0QT6Bks1fDDtRlV4a3OXM7hwWI0aU9IZPBtHxCp2CHa9Zm/6c0WImRXl9MuUQLS7+5/8Tg3zQ==",
      "dependencies": {
        "jaeger-client": "^3.19.0",
        "lite-ts-db": "^1.10.4",
        "lite-ts-rpc": "^2.9.0"
      }
    },
    "node_modules/lite-ts-mock": {
      "version": "1.1.0",
      "resolved": "https://registry.npmmirror.com/lite-ts-mock/-/lite-ts-mock-1.1.0.tgz",
      "integrity": "sha512-Xp7GFN2+q8/zmlSNnYL2iFegH2+gNSY/nKChj0fP/fSxCoFLtJxWIT8opFVrQzEer+zZKeNxO4XgrREx2vKCvg==",
      "dev": true,
      "dependencies": {
        "typescript": "^4.9.4"
      }
    },
    "node_modules/lite-ts-rpc": {
      "version": "2.9.0",
      "resolved": "https://registry.npmmirror.com/lite-ts-rpc/-/lite-ts-rpc-2.9.0.tgz",
      "integrity": "sha512-PgKXcF6/st12XJG3dIWRI6lwEtJExPipsB3pf9Su7tSDvK45L7WRCmpSZnIWB6coTh1QCEQr9DCxUNeK9wIBww==",
      "dependencies": {
        "lite-ts-enum": "^1.8.1",
        "lite-ts-error": "^1.1.0"
      }
    },
    "node_modules/lite-ts-rpc/node_modules/lite-ts-enum": {
      "version": "1.9.1",
      "resolved": "https://registry.npmmirror.com/lite-ts-enum/-/lite-ts-enum-1.9.1.tgz",
      "integrity": "sha512-atdxc3Q89YMWC2nIJ3qEmZOFLFZXENKnN9zV3+etm7UtpDke2iTVPy4YPGyaomA/GlPrbD41RBwOf7Pv+INkoA=="
    },
    "node_modules/long": {
      "version": "2.4.0",
      "resolved": "https://registry.npmmirror.com/long/-/long-2.4.0.tgz",
      "integrity": "sha512-ijUtjmO/n2A5PaosNG9ZGDsQ3vxJg7ZW8vsY8Kp0f2yIZWhSJvjmegV7t+9RPQKxKrvj8yKGehhS+po14hPLGQ==",
      "engines": {
        "node": ">=0.6"
      }
    },
    "node_modules/make-error": {
      "version": "1.3.6",
      "resolved": "https://registry.npmmirror.com/make-error/-/make-error-1.3.6.tgz",
      "integrity": "sha512-s8UhlNe7vPKomQhC1qFelMokr/Sc3AgNbso3n74mVPA5LTZwkB9NlXf4XPamLxJE8h0gh73rM94xvwRT2CVInw==",
      "dev": true
    },
    "node_modules/minimist": {
      "version": "1.2.8",
      "resolved": "https://registry.npmmirror.com/minimist/-/minimist-1.2.8.tgz",
      "integrity": "sha512-2yyAR8qBkN3YuheJanUpWC5U3bb5osDywNB8RzDVlDwDHbocAJveqqj1u8+SVD7jkWT4yvsHCpWqqWqAxb0zCA=="
    },
    "node_modules/node-int64": {
      "version": "0.4.0",
      "resolved": "https://registry.npmmirror.com/node-int64/-/node-int64-0.4.0.tgz",
      "integrity": "sha512-O5lz91xSOeoXP6DulyHfllpq+Eg00MWitZIbtPfoSEvqIHdl5gfcY6hYzDWnj0qD5tz52PI08u9qUvSVeUBeHw=="
    },
    "node_modules/opentracing": {
      "version": "0.14.7",
      "resolved": "https://registry.npmmirror.com/opentracing/-/opentracing-0.14.7.tgz",
      "integrity": "sha512-vz9iS7MJ5+Bp1URw8Khvdyw1H/hGvzHWlKQ7eRrQojSCDL1/SrWfrY9QebLw97n2deyRtzHRC3MkQfVNUCo91Q==",
      "engines": {
        "node": ">=0.10"
      }
    },
    "node_modules/process": {
      "version": "0.10.1",
      "resolved": "https://registry.npmmirror.com/process/-/process-0.10.1.tgz",
      "integrity": "sha512-dyIett8dgGIZ/TXKUzeYExt7WA6ldDzys9vTDU/cCA9L17Ypme+KzS+NjQCjpn9xsvi/shbMC+yP/BcFMBz0NA==",
      "engines": {
        "node": ">= 0.6.0"
      }
    },
    "node_modules/prom-client": {
      "version": "14.2.0",
      "resolved": "https://registry.npmmirror.com/prom-client/-/prom-client-14.2.0.tgz",
      "integrity": "sha512-sF308EhTenb/pDRPakm+WgiN+VdM/T1RaHj1x+MvAuT8UiQP8JmOEbxVqtkbfR4LrvOg5n7ic01kRBDGXjYikA==",
      "dev": true,
      "dependencies": {
        "tdigest": "^0.1.1"
      },
      "engines": {
        "node": ">=10"
      }
    },
    "node_modules/string-template": {
      "version": "0.2.1",
      "resolved": "https://registry.npmmirror.com/string-template/-/string-template-0.2.1.tgz",
      "integrity": "sha512-Yptehjogou2xm4UJbxJ4CxgZx12HBfeystp0y3x7s4Dj32ltVVG1Gg8YhKjHZkHicuKpZX/ffilA8505VbUbpw=="
    },
    "node_modules/tdigest": {
      "version": "0.1.2",
      "resolved": "https://registry.npmmirror.com/tdigest/-/tdigest-0.1.2.tgz",
      "integrity": "sha512-+G0LLgjjo9BZX2MfdvPfH+MKLCrxlXSYec5DaPYP1fe6Iyhf0/fSmJ0bFiZ1F8BT6cGXl2LpltQptzjXKWEkKA==",
      "dev": true,
      "dependencies": {
        "bintrees": "1.0.2"
      }
    },
    "node_modules/thriftrw": {
      "version": "3.12.0",
      "resolved": "https://registry.npmmirror.com/thriftrw/-/thriftrw-3.12.0.tgz",
      "integrity": "sha512-4YZvR4DPEI41n4Opwr4jmrLGG4hndxr7387kzRFIIzxHQjarPusH4lGXrugvgb7TtPrfZVTpZCVe44/xUxowEw==",
      "dependencies": {
        "bufrw": "^1.3.0",
        "error": "7.0.2",
        "long": "^2.4.0"
      },
      "bin": {
        "thrift2json": "thrift2json.js"
      },
      "engines": {
        "node": ">= 0.10.x"
      }
    },
    "node_modules/ts-node": {
      "version": "10.9.1",
      "resolved": "https://registry.npmmirror.com/ts-node/-/ts-node-10.9.1.tgz",
      "integrity": "sha512-NtVysVPkxxrwFGUUxGYhfux8k78pQB3JqYBXlLRZgdGUqTO5wU/UyHop5p70iEbGhB7q5KmiZiU0Y3KlJrScEw==",
      "dev": true,
      "dependencies": {
        "@cspotcode/source-map-support": "^0.8.0",
        "@tsconfig/node10": "^1.0.7",
        "@tsconfig/node12": "^1.0.7",
        "@tsconfig/node14": "^1.0.0",
        "@tsconfig/node16": "^1.0.2",
        "acorn": "^8.4.1",
        "acorn-walk": "^8.1.1",
        "arg": "^4.1.0",
        "create-require": "^1.1.0",
        "diff": "^4.0.1",
        "make-error": "^1.1.1",
        "v8-compile-cache-lib": "^3.0.1",
        "yn": "3.1.1"
      },
      "bin": {
        "ts-node": "dist/bin.js",
        "ts-node-cwd": "dist/bin-cwd.js",
        "ts-node-esm": "dist/bin-esm.js",
        "ts-node-script": "dist/bin-script.js",
        "ts-node-transpile-only": "dist/bin-transpile.js",
        "ts-script": "dist/bin-script-deprecated.js"
      },
      "peerDependencies": {
        "@swc/core": ">=1.2.50",
        "@swc/wasm": ">=1.2.50",
        "@types/node": "*",
        "typescript": ">=2.7"
      },
      "peerDependenciesMeta": {
        "@swc/core": {
          "optional": true
        },
        "@swc/wasm": {
          "optional": true
        }
      }
    },
    "node_modules/typescript": {
      "version": "4.9.5",
      "resolved": "https://registry.npmmirror.com/typescript/-/typescript-4.9.5.tgz",
      "integrity": "sha512-1FXk9E2Hm+QzZQ7z+McJiHL4NW1F2EzMu9Nq9i3zAaGqibafqYwCVU6WyWAuyQRRzOlxou8xZSyXLEN8oKj24g==",
      "dev": true,
      "bin": {
        "tsc": "bin/tsc",
        "tsserver": "bin/tsserver"
      },
      "engines": {
        "node": ">=4.2.0"
      }
    },
    "node_modules/uuid": {
      "version": "8.3.2",
      "resolved": "https://registry.npmmirror.com/uuid/-/uuid-8.3.2.tgz",
      "integrity": "sha512-+NYs2QeMWy+GWFOEm9xnn6HCDp0l7QBD7ml8zLUmJ+93Q5NF0NocErnwkTkXVFNiX3/fpC6afS8Dhb/gz7R7eg==",
      "bin": {
        "uuid": "dist/bin/uuid"
      }
    },
    "node_modules/v8-compile-cache-lib": {
      "version": "3.0.1",
      "resolved": "https://registry.npmmirror.com/v8-compile-cache-lib/-/v8-compile-cache-lib-3.0.1.tgz",
      "integrity": "sha512-wa7YjyUGfNZngI/vtK0UHAN+lgDCxBPCylVXGp0zu59Fz5aiGtNXaq3DhIov063MorB+VfufLh3JlF2KdTK3xg==",
      "dev": true
    },
    "node_modules/xorshift": {
      "version": "1.2.0",
      "resolved": "https://registry.npmmirror.com/xorshift/-/xorshift-1.2.0.tgz",
      "integrity": "sha512-iYgNnGyeeJ4t6U11NpA/QiKy+PXn5Aa3Azg5qkwIFz1tBLllQrjjsk9yzD7IAK0naNU4JxdeDgqW9ov4u/hc4g=="
    },
    "node_modules/xtend": {
      "version": "4.0.2",
      "resolved": "https://registry.npmmirror.com/xtend/-/xtend-4.0.2.tgz",
      "integrity": "sha512-LKYU1iAXJXUgAXn9URjiu+MWhyUXHsvfp7mcuYm9dSUKK0/CjtrUwFAxD82/mCWbtLsGjFIad0wIsod4zrTAEQ==",
      "engines": {
        "node": ">=0.4"
      }
    },
    "node_modules/yn": {
      "version": "3.1.1",
      "resolved": "https://registry.npmmirror.com/yn/-/yn-3.1.1.tgz",
      "integrity": "sha512-Ux4ygGWsu2c7isFWe8Yu1YluJmqVhxqK2cLXNQA5AcC3QfbGNpM7fu0Y8b/z16pXLnFxZYvWhd3fhBY9DLmC6Q==",
      "dev": true,
      "engines": {
        "node": ">=6"
      }
    }
  }
}
